{
    "_meta": {
        "hash": {
            "sha256": "d68470ae67e6e851239536655590800045afa1c6c0555497521bfbaef33ca604"
        },
        "pipfile-spec": 6,
        "requires": {
            "python_version": "3.6"
        },
        "sources": [
            {
                "name": "pypi",
                "url": "https://pypi.douban.com/simple",
                "verify_ssl": true
            }
        ]
    },
    "default": {
        "dj-pagination": {
            "hashes": [
                "sha256:1de4759d0270ba0444ec23e883ccf5a885a79660eaeaff9c106580ea86b5f3dd",
                "sha256:987ef586b3a576637ae0f000c9edf83493304327d329f0e71b34613c7c784807"
            ],
            "index": "pypi",
            "version": "==2.3.2"
        },
        "django": {
            "hashes": [
                "sha256:056fe5b9e1f8f7fed9bb392919d64f6b33b3a71cfb0f170a90ee277a6ed32bc2",
                "sha256:4d398c7b02761e234bbde490aea13ea94cb539ceeb72805b72303f348682f2eb"
            ],
            "index": "pypi",
            "markers": "python_version >= '3.0'",
            "version": "==1.11.12"
        },
        "django-el-pagination": {
            "hashes": [
                "sha256:4ef652f65350b754028f0c23d72dcd60461215b589f269bc23f78ee00b96d0f8"
            ],
            "index": "pypi",
            "version": "==3.2.4"
        },
        "itsdangerous": {
            "hashes": [
                "sha256:cbb3fcf8d3e33df861709ecaf89d9e6629cff0a217bc2848f1b41cd30d360519"
            ],
            "index": "pypi",
            "version": "==0.24"
        },
        "markdown2": {
            "hashes": [
                "sha256:8bb9a24eb2aa02f1427aabe46483f0f0215ab18c8a345315ae8e2ee3c3a09c03"
            ],
            "index": "pypi",
            "version": "==2.3.5"
        },
        "mysqlclient": {
            "hashes": [
                "sha256:1e85e48b167e2af3bb08f273fdbd1ad6401cbe75057fa6513f97387dc7b282dc",
                "sha256:2d9ec33de39f4d9c64ad7322ede0521d85829ce36a76f9dd3d6ab76a9c8648e5",
                "sha256:371df79d000af56b4e540b7ce2120d1c9afb04b751bfce25a1eb609c50fd10ff",
                "sha256:b3b1a7e4468180afb79289b54069d9499242946a4cedf3928cbf6b2a13800016",
                "sha256:d56e379c03efad746e84705cbb97401f60d1f98b05e11a27f2d9c2d043936974"
            ],
            "index": "pypi",
            "version": "==1.3.12"
        },
        "pillow": {
            "hashes": [
                "sha256:00633bc2ec40313f4daf351855e506d296ec3c553f21b66720d0f1225ca84c6f",
                "sha256:040144ba422216aecf7577484865ade90e1a475f867301c48bf9fbd7579efd76",
                "sha256:16246261ff22368e5e32ad74d5ef40403ab6895171a7fc6d34f6c17cfc0f1943",
                "sha256:1cb38df69362af35c14d4a50123b63c7ff18ec9a6d4d5da629a6f19d05e16ba8",
                "sha256:3b4560c3891b05022c464b09121bd507c477505a4e19d703e1027a3a7c68d896",
                "sha256:438a3faf5f702c8d0f80b9f9f9b8382cfa048ca6a0d64ef71b86b563b0ee0359",
                "sha256:4d32c8e3623a61d6e29ccd024066cd1ba556555abfb4cd714155020e00107e3f",
                "sha256:4d8077fd649ac40a5c4165f2c22fa2a4ad18c668e271ecb2f9d849d1017a9313",
                "sha256:62ec7ae98357fcd46002c110bb7cad15fce532776f0cbe7ca1d44c49b837d49d",
                "sha256:6eca36905444c4b91fe61f1b9933a47a30480738a1dd26501ff67d94fc2bc112",
                "sha256:7673e7473a13107059377c96c563aa36f73184c29d2926882e0a0210b779a1e7",
                "sha256:81762cf5fca9a82b53b7b2d0e6b420e0f3b06167b97678c81d00470daa622d58",
                "sha256:9b66e968da9c4393f5795285528bc862c7b97b91251f31a08004a3c626d18114",
                "sha256:b48401752496757e95304a46213c3155bc911ac884bed2e9b275ce1c1df3e293",
                "sha256:b6cf18f9e653a8077522bb3aa753a776b117e3e0cc872c25811cfdf1459491c2",
                "sha256:bb8adab1877e9213385cbb1adc297ed8337e01872c42a30cfaa66ff8c422779c",
                "sha256:cee9bc75bff455d317b6947081df0824a8f118de2786dc3d74a3503fd631f4ef",
                "sha256:d0dc1313dff48af64517cbbd85e046d6b477fbe5e9d69712801f024dcb08c62b",
                "sha256:e52e8f675ba0b2b417fa98579e7286a41a8e23871f17f4793772f5aa884fea79",
                "sha256:e87cc1acbebf263f308a8494272c2d42016aa33c32bf14d209c81e1f65e11868",
                "sha256:ea0091cd4100519cedfeea2c659f52291f535ac6725e2368bcf59e874f270efa",
                "sha256:eeb247f4f4d962942b3b555530b0c63b77473c7bfe475e51c6b75b7344b49ce3",
                "sha256:f0d4433adce6075efd24fc0285135248b0b50f5a58129c7e552030e04fe45c7f",
                "sha256:f1f3bd92f8e12dc22884935a73c9f94c4d9bd0d34410c456540713d6b7832b8c",
                "sha256:f5f302db65e2e0ae96e26670818157640d3ca83a3054c290eff3631598dcf819",
                "sha256:f7634d534662bbb08976db801ba27a112aee23e597eeaf09267b4575341e45bf",
                "sha256:fe6931db24716a0845bd8c8915bd096b77c2a7043e6fc59ae9ca364fe816f08b"
            ],
            "index": "pypi",
            "version": "==5.1.0"
        },
        "pygments": {
            "hashes": [
                "sha256:78f3f434bcc5d6ee09020f92ba487f95ba50f1e3ef83ae96b9d5ffa1bab25c5d",
                "sha256:dbae1046def0efb574852fab9e90209b23f556367b5a320c0bcb871c77c3e8cc"
            ],
            "index": "pypi",
            "version": "==2.2.0"
        },
        "pytz": {
            "hashes": [
                "sha256:65ae0c8101309c45772196b21b74c46b2e5d11b6275c45d251b150d5da334555",
                "sha256:c06425302f2cf668f1bba7a0a03f3c1d34d4ebeef2c72003da308b3947c7f749"
            ],
            "version": "==2018.4"
        }
    },
    "develop": {}
}
